
Microsoft Visual Studio Solution File, Format Version 12.00
# Visual Studio Version 16
VisualStudioVersion = 16.0.31515.178
MinimumVisualStudioVersion = 10.0.40219.1
Project("{FAE04EC0-301F-11D3-BF4B-00C04F79EFBC}") = "RosterService", "RosterService\RosterService.csproj", "{09722EE6-206B-450E-9391-76AEEF3BB443}"
EndProject
Global
	GlobalSection(SolutionConfigurationPlatforms) = preSolution
		Debug|Any CPU = Debug|Any CPU
		Release|Any CPU = Release|Any CPU
	EndGlobalSection
	GlobalSection(ProjectConfigurationPlatforms) = postSolution
		{09722EE6-206B-450E-9391-76AEEF3BB443}.Debug|Any CPU.ActiveCfg = Debug|Any CPU
		{09722EE6-206B-450E-9391-76AEEF3BB443}.Debug|Any CPU.Build.0 = Debug|Any CPU
		{09722EE6-206B-450E-9391-76AEEF3BB443}.Release|Any CPU.ActiveCfg = Release|Any CPU
		{09722EE6-206B-450E-9391-76AEEF3BB443}.Release|Any CPU.Build.0 = Release|Any CPU
	EndGlobalSection
	GlobalSection(SolutionProperties) = preSolution
		HideSolutionNode = FALSE
	EndGlobalSection
	GlobalSection(ExtensibilityGlobals) = postSolution
		SolutionGuid = {795A6E01-313A-441C-AFB4-4613B93D8927}
	EndGlobalSection
EndGlobal
